{
  "name": "titect",
  "version": "1.0.0",
  "lockfileVersion": 3,
  "requires": true,
  "packages": {
    "": {
      "name": "titect",
      "version": "1.0.0",
      "license": "ISC",
      "dependencies": {
        "dont-stop-believing": "^1.0.0",
        "dslite-run-fw": "github:regular/dslite-run-fw",
        "rc": "^1.2.8",
        "serialport": "^11.0.0",
        "tifw": "github:regular/tifw",
        "tmp-promise": "^3.0.3",
        "usb": "^2.9.0",
        "xml-flow": "^1.0.4"
      },
      "bin": {
        "titect": "cli.js"
      }
    },
    "node_modules/@serialport/binding-mock": {
      "version": "10.2.2",
      "resolved": "https://registry.npmjs.org/@serialport/binding-mock/-/binding-mock-10.2.2.tgz",
      "integrity": "sha512-HAFzGhk9OuFMpuor7aT5G1ChPgn5qSsklTFOTUX72Rl6p0xwcSVsRtG/xaGp6bxpN7fI9D/S8THLBWbBgS6ldw==",
      "dependencies": {
        "@serialport/bindings-interface": "^1.2.1",
        "debug": "^4.3.3"
      },
      "engines": {
        "node": ">=12.0.0"
      }
    },
    "node_modules/@serialport/bindings-cpp": {
      "version": "11.0.1",
      "resolved": "https://registry.npmjs.org/@serialport/bindings-cpp/-/bindings-cpp-11.0.1.tgz",
      "integrity": "sha512-3I1mniVg3osYuIUXxU0jB5AHPsxWmErmc3JC3WfUSlfXsjWMHkHfFzbW9Scuv/z/6DLCJIDyltabRa2FoW2qsQ==",
      "hasInstallScript": true,
      "dependencies": {
        "@serialport/bindings-interface": "1.2.2",
        "@serialport/parser-readline": "10.5.0",
        "debug": "4.3.4",
        "node-addon-api": "6.1.0",
        "node-gyp-build": "4.6.0"
      },
      "engines": {
        "node": ">=14.0.0"
      },
      "funding": {
        "url": "https://opencollective.com/serialport/donate"
      }
    },
    "node_modules/@serialport/bindings-cpp/node_modules/@serialport/parser-delimiter": {
      "version": "10.5.0",
      "resolved": "https://registry.npmjs.org/@serialport/parser-delimiter/-/parser-delimiter-10.5.0.tgz",
      "integrity": "sha512-/uR/yT3jmrcwnl2FJU/2ySvwgo5+XpksDUR4NF/nwTS5i3CcuKS+FKi/tLzy1k8F+rCx5JzpiK+koqPqOUWArA==",
      "engines": {
        "node": ">=12.0.0"
      },
      "funding": {
        "url": "https://opencollective.com/serialport/donate"
      }
    },
    "node_modules/@serialport/bindings-cpp/node_modules/@serialport/parser-readline": {
      "version": "10.5.0",
      "resolved": "https://registry.npmjs.org/@serialport/parser-readline/-/parser-readline-10.5.0.tgz",
      "integrity": "sha512-0aXJknodcl94W9zSjvU+sLdXiyEG2rqjQmvBWZCr8wJZjWEtv3RgrnYiWq4i2OTOyC8C/oPK8ZjpBjQptRsoJQ==",
      "dependencies": {
        "@serialport/parser-delimiter": "10.5.0"
      },
      "engines": {
        "node": ">=12.0.0"
      },
      "funding": {
        "url": "https://opencollective.com/serialport/donate"
      }
    },
    "node_modules/@serialport/bindings-interface": {
      "version": "1.2.2",
      "resolved": "https://registry.npmjs.org/@serialport/bindings-interface/-/bindings-interface-1.2.2.tgz",
      "integrity": "sha512-CJaUd5bLvtM9c5dmO9rPBHPXTa9R2UwpkJ0wdh9JCYcbrPWsKz+ErvR0hBLeo7NPeiFdjFO4sonRljiw4d2XiA==",
      "engines": {
        "node": "^12.22 || ^14.13 || >=16"
      }
    },
    "node_modules/@serialport/parser-byte-length": {
      "version": "11.0.0",
      "resolved": "https://registry.npmjs.org/@serialport/parser-byte-length/-/parser-byte-length-11.0.0.tgz",
      "integrity": "sha512-rExsdFKdzOIHOBqTwzxUF1A9nrluVIZKZOtvMq5i0Hc3euooGdmkx0VXYNRlI2rd6kJLTL2P+uIR+ZtCTRyT+w==",
      "engines": {
        "node": ">=12.0.0"
      },
      "funding": {
        "url": "https://opencollective.com/serialport/donate"
      }
    },
    "node_modules/@serialport/parser-cctalk": {
      "version": "11.0.0",
      "resolved": "https://registry.npmjs.org/@serialport/parser-cctalk/-/parser-cctalk-11.0.0.tgz",
      "integrity": "sha512-eN1MvEIFwI4GedWJhte6eWF+NZtrjchZbMf0CE6NV9TRzJI1KLnFf90ZOj/mhGuANojX4sqWfJKQXwN6E8VSHQ==",
      "engines": {
        "node": ">=12.0.0"
      },
      "funding": {
        "url": "https://opencollective.com/serialport/donate"
      }
    },
    "node_modules/@serialport/parser-delimiter": {
      "version": "11.0.0",
      "resolved": "https://registry.npmjs.org/@serialport/parser-delimiter/-/parser-delimiter-11.0.0.tgz",
      "integrity": "sha512-aZLJhlRTjSmEwllLG7S4J8s8ctRAS0cbvCpO87smLvl3e4BgzbVgF6Z6zaJd3Aji2uSiYgfedCdNc4L6W+1E2g==",
      "engines": {
        "node": ">=12.0.0"
      },
      "funding": {
        "url": "https://opencollective.com/serialport/donate"
      }
    },
    "node_modules/@serialport/parser-inter-byte-timeout": {
      "version": "11.0.0",
      "resolved": "https://registry.npmjs.org/@serialport/parser-inter-byte-timeout/-/parser-inter-byte-timeout-11.0.0.tgz",
      "integrity": "sha512-RLgqZC50IET6FtEIt6Oi0vdRsesSBWLNwB7ldzR9OzyXKgK0XHRzqKqbB0u5Q+tC5OScdWeiQ2AO6jooKUZtsw==",
      "engines": {
        "node": ">=12.0.0"
      },
      "funding": {
        "url": "https://opencollective.com/serialport/donate"
      }
    },
    "node_modules/@serialport/parser-packet-length": {
      "version": "11.0.0",
      "resolved": "https://registry.npmjs.org/@serialport/parser-packet-length/-/parser-packet-length-11.0.0.tgz",
      "integrity": "sha512-6ZkOiaCooabpV/EM7ttSRbisbDWpGEf7Yxyr13t28LicYR43THRdjdMZcRnWxEM/jpwfskkLLXAR6wziVpKrlw==",
      "engines": {
        "node": ">=8.6.0"
      }
    },
    "node_modules/@serialport/parser-readline": {
      "version": "11.0.0",
      "resolved": "https://registry.npmjs.org/@serialport/parser-readline/-/parser-readline-11.0.0.tgz",
      "integrity": "sha512-rRAivhRkT3YO28WjmmG4FQX6L+KMb5/ikhyylRfzWPw0nSXy97+u07peS9CbHqaNvJkMhH1locp2H36aGMOEIA==",
      "dependencies": {
        "@serialport/parser-delimiter": "11.0.0"
      },
      "engines": {
        "node": ">=12.0.0"
      },
      "funding": {
        "url": "https://opencollective.com/serialport/donate"
      }
    },
    "node_modules/@serialport/parser-ready": {
      "version": "11.0.0",
      "resolved": "https://registry.npmjs.org/@serialport/parser-ready/-/parser-ready-11.0.0.tgz",
      "integrity": "sha512-lSsCPIctoc5kADCKnZDYBz1j69TsFqtnaWUicBzUAIAoUXpYKeYld8YX5NrvjViuVfIJeiqLZeGjxOWe5fqQqQ==",
      "engines": {
        "node": ">=12.0.0"
      },
      "funding": {
        "url": "https://opencollective.com/serialport/donate"
      }
    },
    "node_modules/@serialport/parser-regex": {
      "version": "11.0.0",
      "resolved": "https://registry.npmjs.org/@serialport/parser-regex/-/parser-regex-11.0.0.tgz",
      "integrity": "sha512-aKuc/+/KE9swahTbYpSuOsQa7LggPx7jhfobJLPVVbAic80OpfCIY+MKr6Ax4R6UtQwF90O5Yk6OEmbbvtEmiA==",
      "engines": {
        "node": ">=12.0.0"
      },
      "funding": {
        "url": "https://opencollective.com/serialport/donate"
      }
    },
    "node_modules/@serialport/parser-slip-encoder": {
      "version": "11.0.0",
      "resolved": "https://registry.npmjs.org/@serialport/parser-slip-encoder/-/parser-slip-encoder-11.0.0.tgz",
      "integrity": "sha512-3ZI/swd2it20vmu2tzqDbkyE4dqy+kExEDY6T33YQ210HDKPVhqj7FAVGo5P++MZ3dup1of11t4P9UPBNkuJnQ==",
      "engines": {
        "node": ">=12.0.0"
      },
      "funding": {
        "url": "https://opencollective.com/serialport/donate"
      }
    },
    "node_modules/@serialport/parser-spacepacket": {
      "version": "11.0.0",
      "resolved": "https://registry.npmjs.org/@serialport/parser-spacepacket/-/parser-spacepacket-11.0.0.tgz",
      "integrity": "sha512-+hqRckrTEqz+/uAUZY0Tq6YIRyCl4oQOH1MeVzKiFiGNjZP7hDJCDoY7LTr9CeJhxvcT0ItTbtjGBqGumV8fxg==",
      "engines": {
        "node": ">=12.0.0"
      },
      "funding": {
        "url": "https://opencollective.com/serialport/donate"
      }
    },
    "node_modules/@serialport/stream": {
      "version": "11.0.0",
      "resolved": "https://registry.npmjs.org/@serialport/stream/-/stream-11.0.0.tgz",
      "integrity": "sha512-Zty7B8C1H2XRnay2mVmW1ygEHXRHXQDcaC5wAVvOZMbQSc7ye03rMlPvviDS+pGxU2t2A2bMo34CUrRduSBong==",
      "dependencies": {
        "@serialport/bindings-interface": "1.2.2",
        "debug": "4.3.4"
      },
      "engines": {
        "node": ">=12.0.0"
      },
      "funding": {
        "url": "https://opencollective.com/serialport/donate"
      }
    },
    "node_modules/@types/w3c-web-usb": {
      "version": "1.0.6",
      "resolved": "https://registry.npmjs.org/@types/w3c-web-usb/-/w3c-web-usb-1.0.6.tgz",
      "integrity": "sha512-cSjhgrr8g4KbPnnijAr/KJDNKa/bBa+ixYkywFRvrhvi9n1WEl7yYbtRyzE6jqNQiSxxJxoAW3STaOQwJHndaw=="
    },
    "node_modules/abort-controller": {
      "version": "3.0.0",
      "resolved": "https://registry.npmjs.org/abort-controller/-/abort-controller-3.0.0.tgz",
      "integrity": "sha512-h8lQ8tacZYnR3vNQTgibj+tODHI5/+l06Au2Pcriv/Gmet0eaj4TwWH41sO9wnHDiQsEj19q0drzdWdeAHtweg==",
      "dependencies": {
        "event-target-shim": "^5.0.0"
      },
      "engines": {
        "node": ">=6.5"
      }
    },
    "node_modules/balanced-match": {
      "version": "1.0.2",
      "resolved": "https://registry.npmjs.org/balanced-match/-/balanced-match-1.0.2.tgz",
      "integrity": "sha512-3oSeUO0TMV67hN1AmbXsK4yaqU7tjiHlbxRDZOpH0KW9+CeX4bRAaX0Anxt0tx2MrpRpWwQaPwIlISEJhYU5Pw=="
    },
    "node_modules/base64-js": {
      "version": "1.5.1",
      "resolved": "https://registry.npmjs.org/base64-js/-/base64-js-1.5.1.tgz",
      "integrity": "sha512-AKpaYlHn8t4SVbOHCy+b5+KKgvR4vrsD8vbvrbiQJps7fKDTkjkDry6ji0rUJjC0kzbNePLwzxq8iypo41qeWA==",
      "funding": [
        {
          "type": "github",
          "url": "https://github.com/sponsors/feross"
        },
        {
          "type": "patreon",
          "url": "https://www.patreon.com/feross"
        },
        {
          "type": "consulting",
          "url": "https://feross.org/support"
        }
      ]
    },
    "node_modules/binary-stream-replace": {
      "version": "1.0.2",
      "resolved": "https://registry.npmjs.org/binary-stream-replace/-/binary-stream-replace-1.0.2.tgz",
      "integrity": "sha512-GGv2pxtlvJhgTKY4yxZAjsXEPneJWjjmCJ8ZU51Ui3rKt7FWw42U+ien9CDfdRgO3BbC2HVBn4eSnjUc9yc3FA==",
      "dependencies": {
        "debug": "^2.1.1",
        "through": "^2.3.6"
      }
    },
    "node_modules/binary-stream-replace/node_modules/debug": {
      "version": "2.6.9",
      "resolved": "https://registry.npmjs.org/debug/-/debug-2.6.9.tgz",
      "integrity": "sha512-bC7ElrdJaJnPbAP+1EotYvqZsb3ecl5wi6Bfi6BJTUcNowp6cvspg0jXznRTKDjm/E7AdgFBVeAPVMNcKGsHMA==",
      "dependencies": {
        "ms": "2.0.0"
      }
    },
    "node_modules/binary-stream-replace/node_modules/ms": {
      "version": "2.0.0",
      "resolved": "https://registry.npmjs.org/ms/-/ms-2.0.0.tgz",
      "integrity": "sha512-Tpp60P6IUJDTuOq/5Z8cdskzJujfwqfOTkrwIwj7IRISpnkJnT6SyJ4PCPnGMoFjC9ddhal5KVIYtAt97ix05A=="
    },
    "node_modules/bl": {
      "version": "6.0.3",
      "resolved": "https://registry.npmjs.org/bl/-/bl-6.0.3.tgz",
      "integrity": "sha512-ZmReEQkPP4zOjCHVzGpXYLvf95/HnvwsNZ1sh2dhoy6OxqX9Sl3JF7UmoKXlXE40AjldnWlsSxvqDiDrgSCJDA==",
      "dependencies": {
        "buffer": "^6.0.3",
        "inherits": "^2.0.4",
        "readable-stream": "^4.2.0"
      }
    },
    "node_modules/brace-expansion": {
      "version": "1.1.11",
      "resolved": "https://registry.npmjs.org/brace-expansion/-/brace-expansion-1.1.11.tgz",
      "integrity": "sha512-iCuPHDFgrHX7H2vEI/5xpz07zSHB00TpugqhmYtVmMO6518mCuRMoOYFldEBl0g187ufozdaHgWKcYFb61qGiA==",
      "dependencies": {
        "balanced-match": "^1.0.0",
        "concat-map": "0.0.1"
      }
    },
    "node_modules/buffer": {
      "version": "6.0.3",
      "resolved": "https://registry.npmjs.org/buffer/-/buffer-6.0.3.tgz",
      "integrity": "sha512-FTiCpNxtwiZZHEZbcbTIcZjERVICn9yq/pDFkTl95/AxzD1naBctN7YO68riM/gLSDY7sdrMby8hofADYuuqOA==",
      "funding": [
        {
          "type": "github",
          "url": "https://github.com/sponsors/feross"
        },
        {
          "type": "patreon",
          "url": "https://www.patreon.com/feross"
        },
        {
          "type": "consulting",
          "url": "https://feross.org/support"
        }
      ],
      "dependencies": {
        "base64-js": "^1.3.1",
        "ieee754": "^1.2.1"
      }
    },
    "node_modules/bufferutil": {
      "version": "4.0.7",
      "resolved": "https://registry.npmjs.org/bufferutil/-/bufferutil-4.0.7.tgz",
      "integrity": "sha512-kukuqc39WOHtdxtw4UScxF/WVnMFVSQVKhtx3AjZJzhd0RGZZldcrfSEbVsWWe6KNH253574cq5F+wpv0G9pJw==",
      "hasInstallScript": true,
      "dependencies": {
        "node-gyp-build": "^4.3.0"
      },
      "engines": {
        "node": ">=6.14.2"
      }
    },
    "node_modules/concat-map": {
      "version": "0.0.1",
      "resolved": "https://registry.npmjs.org/concat-map/-/concat-map-0.0.1.tgz",
      "integrity": "sha512-/Srv4dswyQNBfohGpz9o6Yb3Gz3SrUDqBH5rTuhGR7ahtlbYKnVxw2bCFMRljaA7EXHaXZ8wsHdodFvbkhKmqg=="
    },
    "node_modules/d": {
      "version": "1.0.1",
      "resolved": "https://registry.npmjs.org/d/-/d-1.0.1.tgz",
      "integrity": "sha512-m62ShEObQ39CfralilEQRjH6oAMtNCV1xJyEx5LpRYUVN+EviphDgUc/F3hnYbADmkiNs67Y+3ylmlG7Lnu+FA==",
      "dependencies": {
        "es5-ext": "^0.10.50",
        "type": "^1.0.1"
      }
    },
    "node_modules/debug": {
      "version": "4.3.4",
      "resolved": "https://registry.npmjs.org/debug/-/debug-4.3.4.tgz",
      "integrity": "sha512-PRWFHuSU3eDtQJPvnNY7Jcket1j0t5OuOsFzPPzsekD52Zl8qUfFIPEiswXqIvHWGVHOgX+7G/vCNNhehwxfkQ==",
      "dependencies": {
        "ms": "2.1.2"
      },
      "engines": {
        "node": ">=6.0"
      },
      "peerDependenciesMeta": {
        "supports-color": {
          "optional": true
        }
      }
    },
    "node_modules/deep-extend": {
      "version": "0.6.0",
      "resolved": "https://registry.npmjs.org/deep-extend/-/deep-extend-0.6.0.tgz",
      "integrity": "sha512-LOHxIOaPYdHlJRtCQfDIVZtfw/ufM8+rVj649RIHzcm/vGwQRXFt6OPqIFWsm2XEMrNIEtWR64sY1LEKD2vAOA==",
      "engines": {
        "node": ">=4.0.0"
      }
    },
    "node_modules/dont-stop-believing": {
      "version": "1.0.0",
      "resolved": "https://registry.npmjs.org/dont-stop-believing/-/dont-stop-believing-1.0.0.tgz",
      "integrity": "sha512-iPl22uxJxcs1hgQNATMpWOCZIqg+/N8c+EUBfXQcZhaneig5RVPtTwczsK9Hpi3N6mX4ifQ33vtVNRdAQAT6/Q=="
    },
    "node_modules/dslite-client": {
      "version": "1.0.0",
      "resolved": "git+ssh://git@github.com/regular/dslite-client.git#16dd49916fc31d0169fb2a19a821bf6a422fc360",
      "license": "ISC",
      "dependencies": {
        "multicb": "^1.2.2",
        "rc": "^1.2.8",
        "serialport": "^11.0.0",
        "websocket": "^1.0.34"
      }
    },
    "node_modules/dslite-proxy": {
      "version": "1.0.0",
      "resolved": "git+ssh://git@github.com/regular/dslite-proxy.git#025b5653bfba002e451e1dcd7b063e4fe0939088",
      "license": "ISC",
      "dependencies": {
        "bl": "^6.0.2",
        "loner": "^1.0.0",
        "multicb": "^1.2.2",
        "once": "^1.4.0",
        "rc": "^1.2.8",
        "websocket": "^1.0.34"
      },
      "bin": {
        "ds-proxy": "bin/ds-proxy"
      }
    },
    "node_modules/dslite-run-fw": {
      "version": "1.0.0",
      "resolved": "git+ssh://git@github.com/regular/dslite-run-fw.git#7a00f436835b60d5a286c78dda6705a21b60ddb0",
      "license": "ISC",
      "dependencies": {
        "bl": "^6.0.2",
        "dslite-client": "github:regular/dslite-client",
        "dslite-proxy": "github:regular/dslite-proxy",
        "loner": "^1.0.0",
        "rc": "^1.2.8"
      }
    },
    "node_modules/duplexer": {
      "version": "0.0.4",
      "resolved": "https://registry.npmjs.org/duplexer/-/duplexer-0.0.4.tgz",
      "integrity": "sha512-nO0WWuIDTde3CWK/8IPpG50dyhUilgpsqzYSIP+w20Yh+4iDgb/2Gs75QItcp0Hmx/JtxtTXBalj+LSTD1VemA=="
    },
    "node_modules/es5-ext": {
      "version": "0.10.62",
      "resolved": "https://registry.npmjs.org/es5-ext/-/es5-ext-0.10.62.tgz",
      "integrity": "sha512-BHLqn0klhEpnOKSrzn/Xsz2UIW8j+cGmo9JLzr8BiUapV8hPL9+FliFqjwr9ngW7jWdnxv6eO+/LqyhJVqgrjA==",
      "hasInstallScript": true,
      "dependencies": {
        "es6-iterator": "^2.0.3",
        "es6-symbol": "^3.1.3",
        "next-tick": "^1.1.0"
      },
      "engines": {
        "node": ">=0.10"
      }
    },
    "node_modules/es6-iterator": {
      "version": "2.0.3",
      "resolved": "https://registry.npmjs.org/es6-iterator/-/es6-iterator-2.0.3.tgz",
      "integrity": "sha512-zw4SRzoUkd+cl+ZoE15A9o1oQd920Bb0iOJMQkQhl3jNc03YqVjAhG7scf9C5KWRU/R13Orf588uCC6525o02g==",
      "dependencies": {
        "d": "1",
        "es5-ext": "^0.10.35",
        "es6-symbol": "^3.1.1"
      }
    },
    "node_modules/es6-symbol": {
      "version": "3.1.3",
      "resolved": "https://registry.npmjs.org/es6-symbol/-/es6-symbol-3.1.3.tgz",
      "integrity": "sha512-NJ6Yn3FuDinBaBRWl/q5X/s4koRHBrgKAu+yGI6JCBeiu3qrcbJhwT2GeR/EXVfylRk8dpQVJoLEFhK+Mu31NA==",
      "dependencies": {
        "d": "^1.0.1",
        "ext": "^1.1.2"
      }
    },
    "node_modules/event-target-shim": {
      "version": "5.0.1",
      "resolved": "https://registry.npmjs.org/event-target-shim/-/event-target-shim-5.0.1.tgz",
      "integrity": "sha512-i/2XbnSz/uxRCU6+NdVJgKWDTM427+MqYbkQzD321DuCQJUqOuJKIA0IM2+W2xtYHdKOmZ4dR6fExsd4SXL+WQ==",
      "engines": {
        "node": ">=6"
      }
    },
    "node_modules/events": {
      "version": "3.3.0",
      "resolved": "https://registry.npmjs.org/events/-/events-3.3.0.tgz",
      "integrity": "sha512-mQw+2fkQbALzQ7V0MY0IqdnXNOeTtP4r0lN9z7AAawCXgqea7bDii20AYrIBrFd/Hx0M2Ocz6S111CaFkUcb0Q==",
      "engines": {
        "node": ">=0.8.x"
      }
    },
    "node_modules/ext": {
      "version": "1.7.0",
      "resolved": "https://registry.npmjs.org/ext/-/ext-1.7.0.tgz",
      "integrity": "sha512-6hxeJYaL110a9b5TEJSj0gojyHQAmA2ch5Os+ySCiA1QGdS697XWY1pzsrSjqA9LDEEgdB/KypIlR59RcLuHYw==",
      "dependencies": {
        "type": "^2.7.2"
      }
    },
    "node_modules/ext/node_modules/type": {
      "version": "2.7.2",
      "resolved": "https://registry.npmjs.org/type/-/type-2.7.2.tgz",
      "integrity": "sha512-dzlvlNlt6AXU7EBSfpAscydQ7gXB+pPGsPnfJnZpiNJBDj7IaJzQlBZYGdEi4R9HmPdBv2XmWJ6YUtoTa7lmCw=="
    },
    "node_modules/fs.realpath": {
      "version": "1.0.0",
      "resolved": "https://registry.npmjs.org/fs.realpath/-/fs.realpath-1.0.0.tgz",
      "integrity": "sha512-OO0pH2lK6a0hZnAdau5ItzHPI6pUlvI7jMVnxUQRtw4owF2wk8lOSabtGDCTP4Ggrg2MbGnWO9X8K1t4+fGMDw=="
    },
    "node_modules/glob": {
      "version": "7.2.3",
      "resolved": "https://registry.npmjs.org/glob/-/glob-7.2.3.tgz",
      "integrity": "sha512-nFR0zLpU2YCaRxwoCJvL6UvCH2JFyFVIvwTLsIf21AuHlMskA1hhTdk+LlYJtOlYt9v6dvszD2BGRqBL+iQK9Q==",
      "dependencies": {
        "fs.realpath": "^1.0.0",
        "inflight": "^1.0.4",
        "inherits": "2",
        "minimatch": "^3.1.1",
        "once": "^1.3.0",
        "path-is-absolute": "^1.0.0"
      },
      "engines": {
        "node": "*"
      },
      "funding": {
        "url": "https://github.com/sponsors/isaacs"
      }
    },
    "node_modules/ieee754": {
      "version": "1.2.1",
      "resolved": "https://registry.npmjs.org/ieee754/-/ieee754-1.2.1.tgz",
      "integrity": "sha512-dcyqhDvX1C46lXZcVqCpK+FtMRQVdIMN6/Df5js2zouUsqG7I6sFxitIC+7KYK29KdXOLHdu9zL4sFnoVQnqaA==",
      "funding": [
        {
          "type": "github",
          "url": "https://github.com/sponsors/feross"
        },
        {
          "type": "patreon",
          "url": "https://www.patreon.com/feross"
        },
        {
          "type": "consulting",
          "url": "https://feross.org/support"
        }
      ]
    },
    "node_modules/inflight": {
      "version": "1.0.6",
      "resolved": "https://registry.npmjs.org/inflight/-/inflight-1.0.6.tgz",
      "integrity": "sha512-k92I/b08q4wvFscXCLvqfsHCrjrF7yiXsQuIVvVE7N82W3+aqpzuUdBbfhWcy/FZR3/4IgflMgKLOsvPDrGCJA==",
      "dependencies": {
        "once": "^1.3.0",
        "wrappy": "1"
      }
    },
    "node_modules/inherits": {
      "version": "2.0.4",
      "resolved": "https://registry.npmjs.org/inherits/-/inherits-2.0.4.tgz",
      "integrity": "sha512-k/vGaX4/Yla3WzyMCvTQOXYeIHvqOKtnqBduzTHpzpQZzAskKMhZ2K+EnBiSM9zGSoIFeMpXKxa4dYeZIQqewQ=="
    },
    "node_modules/ini": {
      "version": "1.3.8",
      "resolved": "https://registry.npmjs.org/ini/-/ini-1.3.8.tgz",
      "integrity": "sha512-JV/yugV2uzW5iMRSiZAyDtQd+nxtUnjeLt0acNdw98kKLrvuRVyB80tsREOE7yvGVgalhZ6RNXCmEHkUKBKxew=="
    },
    "node_modules/is-typedarray": {
      "version": "1.0.0",
      "resolved": "https://registry.npmjs.org/is-typedarray/-/is-typedarray-1.0.0.tgz",
      "integrity": "sha512-cyA56iCMHAh5CdzjJIa4aohJyeO1YbwLi3Jc35MmRU6poroFjIGZzUzupGiRPOjgHg9TLu43xbpwXk523fMxKA=="
    },
    "node_modules/isbuffer": {
      "version": "0.0.0",
      "resolved": "https://registry.npmjs.org/isbuffer/-/isbuffer-0.0.0.tgz",
      "integrity": "sha512-xU+NoHp+YtKQkaM2HsQchYn0sltxMxew0HavMfHbjnucBoTSGbw745tL+Z7QBANleWM1eEQMenEpi174mIeS4g=="
    },
    "node_modules/loner": {
      "version": "1.0.0",
      "resolved": "https://registry.npmjs.org/loner/-/loner-1.0.0.tgz",
      "integrity": "sha512-BXrRof4vsA0tuZluu5T9rcadabz6HerGfy9upMwEppvAo39yHwecFkeS3N02uaqZU1fAQ/Zu8elltVjfr0jpDQ==",
      "dependencies": {
        "binary-stream-replace": "^1.0.2",
        "isbuffer": "0.0.0",
        "through": "^2.3.8",
        "throughout": "0.0.0"
      }
    },
    "node_modules/minimatch": {
      "version": "3.1.2",
      "resolved": "https://registry.npmjs.org/minimatch/-/minimatch-3.1.2.tgz",
      "integrity": "sha512-J7p63hRiAjw1NDEww1W7i37+ByIrOWO5XQQAzZ3VOcL0PNybwpfmV/N05zFAzwQ9USyEcX6t3UO+K5aqBQOIHw==",
      "dependencies": {
        "brace-expansion": "^1.1.7"
      },
      "engines": {
        "node": "*"
      }
    },
    "node_modules/minimist": {
      "version": "1.2.8",
      "resolved": "https://registry.npmjs.org/minimist/-/minimist-1.2.8.tgz",
      "integrity": "sha512-2yyAR8qBkN3YuheJanUpWC5U3bb5osDywNB8RzDVlDwDHbocAJveqqj1u8+SVD7jkWT4yvsHCpWqqWqAxb0zCA==",
      "funding": {
        "url": "https://github.com/sponsors/ljharb"
      }
    },
    "node_modules/mkdirp": {
      "version": "3.0.1",
      "resolved": "https://registry.npmjs.org/mkdirp/-/mkdirp-3.0.1.tgz",
      "integrity": "sha512-+NsyUUAZDmo6YVHzL/stxSu3t9YS1iljliy3BSDrXJ/dkn1KYdmtZODGGjLcc9XLgVVpH4KshHB8XmZgMhaBXg==",
      "bin": {
        "mkdirp": "dist/cjs/src/bin.js"
      },
      "engines": {
        "node": ">=10"
      },
      "funding": {
        "url": "https://github.com/sponsors/isaacs"
      }
    },
    "node_modules/ms": {
      "version": "2.1.2",
      "resolved": "https://registry.npmjs.org/ms/-/ms-2.1.2.tgz",
      "integrity": "sha512-sGkPx+VjMtmA6MX27oA4FBFELFCZZ4S4XqeGOXCv68tT+jb3vk/RyaKWP0PTKyWtmLSM0b+adUTEvbs1PEaH2w=="
    },
    "node_modules/multicb": {
      "version": "1.2.2",
      "resolved": "https://registry.npmjs.org/multicb/-/multicb-1.2.2.tgz",
      "integrity": "sha512-PZM4dhYFmCF6uZGWpEmoPMUqJBywS9IcAgybT2GmSpYI1BvGvoWSdbio+ik+q/YD2vodhvslESWIS3NnkKYdqQ=="
    },
    "node_modules/next-tick": {
      "version": "1.1.0",
      "resolved": "https://registry.npmjs.org/next-tick/-/next-tick-1.1.0.tgz",
      "integrity": "sha512-CXdUiJembsNjuToQvxayPZF9Vqht7hewsvy2sOWafLvi2awflj9mOC6bHIg50orX8IJvWKY9wYQ/zB2kogPslQ=="
    },
    "node_modules/node-addon-api": {
      "version": "6.1.0",
      "resolved": "https://registry.npmjs.org/node-addon-api/-/node-addon-api-6.1.0.tgz",
      "integrity": "sha512-+eawOlIgy680F0kBzPUNFhMZGtJ1YmqM6l4+Crf4IkImjYrO/mqPwRMh352g23uIaQKFItcQ64I7KMaJxHgAVA=="
    },
    "node_modules/node-gyp-build": {
      "version": "4.6.0",
      "resolved": "https://registry.npmjs.org/node-gyp-build/-/node-gyp-build-4.6.0.tgz",
      "integrity": "sha512-NTZVKn9IylLwUzaKjkas1e4u2DLNcV4rdYagA4PWdPwW87Bi7z+BznyKSRwS/761tV/lzCGXplWsiaMjLqP2zQ==",
      "bin": {
        "node-gyp-build": "bin.js",
        "node-gyp-build-optional": "optional.js",
        "node-gyp-build-test": "build-test.js"
      }
    },
    "node_modules/once": {
      "version": "1.4.0",
      "resolved": "https://registry.npmjs.org/once/-/once-1.4.0.tgz",
      "integrity": "sha512-lNaJgI+2Q5URQBkccEKHTQOPaXdUxnZZElQTZY0MFUAuaEqe1E+Nyvgdz/aIyNi6Z9MzO5dv1H8n58/GELp3+w==",
      "dependencies": {
        "wrappy": "1"
      }
    },
    "node_modules/path-is-absolute": {
      "version": "1.0.1",
      "resolved": "https://registry.npmjs.org/path-is-absolute/-/path-is-absolute-1.0.1.tgz",
      "integrity": "sha512-AVbw3UJ2e9bq64vSaS9Am0fje1Pa8pbGqTTsmXfaIiMpnr5DlDhfJOuLj9Sf95ZPVDAUerDfEk88MPmPe7UCQg==",
      "engines": {
        "node": ">=0.10.0"
      }
    },
    "node_modules/process": {
      "version": "0.11.10",
      "resolved": "https://registry.npmjs.org/process/-/process-0.11.10.tgz",
      "integrity": "sha512-cdGef/drWFoydD1JsMzuFf8100nZl+GT+yacc2bEced5f9Rjk4z+WtFUTBu9PhOi9j/jfmBPu0mMEY4wIdAF8A==",
      "engines": {
        "node": ">= 0.6.0"
      }
    },
    "node_modules/rc": {
      "version": "1.2.8",
      "resolved": "https://registry.npmjs.org/rc/-/rc-1.2.8.tgz",
      "integrity": "sha512-y3bGgqKj3QBdxLbLkomlohkvsA8gdAiUQlSBJnBhfn+BPxg4bc62d8TcBW15wavDfgexCgccckhcZvywyQYPOw==",
      "dependencies": {
        "deep-extend": "^0.6.0",
        "ini": "~1.3.0",
        "minimist": "^1.2.0",
        "strip-json-comments": "~2.0.1"
      },
      "bin": {
        "rc": "cli.js"
      }
    },
    "node_modules/readable-stream": {
      "version": "4.4.2",
      "resolved": "https://registry.npmjs.org/readable-stream/-/readable-stream-4.4.2.tgz",
      "integrity": "sha512-Lk/fICSyIhodxy1IDK2HazkeGjSmezAWX2egdtJnYhtzKEsBPJowlI6F6LPb5tqIQILrMbx22S5o3GuJavPusA==",
      "dependencies": {
        "abort-controller": "^3.0.0",
        "buffer": "^6.0.3",
        "events": "^3.3.0",
        "process": "^0.11.10",
        "string_decoder": "^1.3.0"
      },
      "engines": {
        "node": "^12.22.0 || ^14.17.0 || >=16.0.0"
      }
    },
    "node_modules/rimraf": {
      "version": "3.0.2",
      "resolved": "https://registry.npmjs.org/rimraf/-/rimraf-3.0.2.tgz",
      "integrity": "sha512-JZkJMZkAGFFPP2YqXZXPbMlMBgsxzE8ILs4lMIX/2o0L9UBw9O/Y3o6wFw/i9YLapcUJWwqbi3kdxIPdC62TIA==",
      "dependencies": {
        "glob": "^7.1.3"
      },
      "bin": {
        "rimraf": "bin.js"
      },
      "funding": {
        "url": "https://github.com/sponsors/isaacs"
      }
    },
    "node_modules/safe-buffer": {
      "version": "5.2.1",
      "resolved": "https://registry.npmjs.org/safe-buffer/-/safe-buffer-5.2.1.tgz",
      "integrity": "sha512-rp3So07KcdmmKbGvgaNxQSJr7bGVSVk5S9Eq1F+ppbRo70+YeaDxkw5Dd8NPN+GD6bjnYm2VuPuCXmpuYvmCXQ==",
      "funding": [
        {
          "type": "github",
          "url": "https://github.com/sponsors/feross"
        },
        {
          "type": "patreon",
          "url": "https://www.patreon.com/feross"
        },
        {
          "type": "consulting",
          "url": "https://feross.org/support"
        }
      ]
    },
    "node_modules/sax": {
      "version": "1.2.4",
      "resolved": "https://registry.npmjs.org/sax/-/sax-1.2.4.tgz",
      "integrity": "sha512-NqVDv9TpANUjFm0N8uM5GxL36UgKi9/atZw+x7YFnQ8ckwFGKrl4xX4yWtrey3UJm5nP1kUbnYgLopqWNSRhWw=="
    },
    "node_modules/serialport": {
      "version": "11.0.0",
      "resolved": "https://registry.npmjs.org/serialport/-/serialport-11.0.0.tgz",
      "integrity": "sha512-bxs3XejQcOHWpzPAaXMhxVRlbem6fjNUrux3ToqrGvFR6BcjOYhqE5CsHOuutv37kmhmnuHrn+/hN+1BpTmaFg==",
      "dependencies": {
        "@serialport/binding-mock": "10.2.2",
        "@serialport/bindings-cpp": "11.0.1",
        "@serialport/parser-byte-length": "11.0.0",
        "@serialport/parser-cctalk": "11.0.0",
        "@serialport/parser-delimiter": "11.0.0",
        "@serialport/parser-inter-byte-timeout": "11.0.0",
        "@serialport/parser-packet-length": "11.0.0",
        "@serialport/parser-readline": "11.0.0",
        "@serialport/parser-ready": "11.0.0",
        "@serialport/parser-regex": "11.0.0",
        "@serialport/parser-slip-encoder": "11.0.0",
        "@serialport/parser-spacepacket": "11.0.0",
        "@serialport/stream": "11.0.0",
        "debug": "4.3.4"
      },
      "engines": {
        "node": ">=12.0.0"
      },
      "funding": {
        "url": "https://opencollective.com/serialport/donate"
      }
    },
    "node_modules/string_decoder": {
      "version": "1.3.0",
      "resolved": "https://registry.npmjs.org/string_decoder/-/string_decoder-1.3.0.tgz",
      "integrity": "sha512-hkRX8U1WjJFd8LsDJ2yQ/wWWxaopEsABU1XfkM8A+j0+85JAGppt16cr1Whg6KIbb4okU6Mql6BOj+uup/wKeA==",
      "dependencies": {
        "safe-buffer": "~5.2.0"
      }
    },
    "node_modules/strip-json-comments": {
      "version": "2.0.1",
      "resolved": "https://registry.npmjs.org/strip-json-comments/-/strip-json-comments-2.0.1.tgz",
      "integrity": "sha512-4gB8na07fecVVkOI6Rs4e7T6NOTki5EmL7TUduTs6bu3EdnSycntVJ4re8kgZA+wx9IueI2Y11bfbgwtzuE0KQ==",
      "engines": {
        "node": ">=0.10.0"
      }
    },
    "node_modules/through": {
      "version": "2.3.8",
      "resolved": "https://registry.npmjs.org/through/-/through-2.3.8.tgz",
      "integrity": "sha512-w89qg7PI8wAdvX60bMDP+bFoD5Dvhm9oLheFp5O4a2QF0cSBGsBX4qZmadPMvVqlLJBBci+WqGGOAPvcDeNSVg=="
    },
    "node_modules/throughout": {
      "version": "0.0.0",
      "resolved": "https://registry.npmjs.org/throughout/-/throughout-0.0.0.tgz",
      "integrity": "sha512-WOr85Dpe0ordFnWwbtUmv/vfENqNFKlOou9UaRzbtAJcnh2GqBQZyclBUij/yRLRc96CxTIbhmLaIchHAmUpJg==",
      "dependencies": {
        "duplexer": "~0.0.2",
        "through": "~2.3.4"
      }
    },
    "node_modules/tifw": {
      "version": "1.0.0",
      "resolved": "git+ssh://git@github.com/regular/tifw.git#14254ff753cca863833317af6f1719d1f7f404a0",
      "license": "AGPLv3",
      "dependencies": {
        "bl": "^6.0.2",
        "mkdirp": "^3.0.1"
      }
    },
    "node_modules/tmp": {
      "version": "0.2.1",
      "resolved": "https://registry.npmjs.org/tmp/-/tmp-0.2.1.tgz",
      "integrity": "sha512-76SUhtfqR2Ijn+xllcI5P1oyannHNHByD80W1q447gU3mp9G9PSpGdWmjUOHRDPiHYacIk66W7ubDTuPF3BEtQ==",
      "dependencies": {
        "rimraf": "^3.0.0"
      },
      "engines": {
        "node": ">=8.17.0"
      }
    },
    "node_modules/tmp-promise": {
      "version": "3.0.3",
      "resolved": "https://registry.npmjs.org/tmp-promise/-/tmp-promise-3.0.3.tgz",
      "integrity": "sha512-RwM7MoPojPxsOBYnyd2hy0bxtIlVrihNs9pj5SUvY8Zz1sQcQG2tG1hSr8PDxfgEB8RNKDhqbIlroIarSNDNsQ==",
      "dependencies": {
        "tmp": "^0.2.0"
      }
    },
    "node_modules/type": {
      "version": "1.2.0",
      "resolved": "https://registry.npmjs.org/type/-/type-1.2.0.tgz",
      "integrity": "sha512-+5nt5AAniqsCnu2cEQQdpzCAh33kVx8n0VoFidKpB1dVVLAN/F+bgVOqOJqOnEnrhp222clB5p3vUlD+1QAnfg=="
    },
    "node_modules/typedarray-to-buffer": {
      "version": "3.1.5",
      "resolved": "https://registry.npmjs.org/typedarray-to-buffer/-/typedarray-to-buffer-3.1.5.tgz",
      "integrity": "sha512-zdu8XMNEDepKKR+XYOXAVPtWui0ly0NtohUscw+UmaHiAWT8hrV1rr//H6V+0DvJ3OQ19S979M0laLfX8rm82Q==",
      "dependencies": {
        "is-typedarray": "^1.0.0"
      }
    },
    "node_modules/usb": {
      "version": "2.9.0",
      "resolved": "https://registry.npmjs.org/usb/-/usb-2.9.0.tgz",
      "integrity": "sha512-G0I/fPgfHUzWH8xo2KkDxTTFruUWfppgSFJ+bQxz/kVY2x15EQ/XDB7dqD1G432G4gBG4jYQuF3U7j/orSs5nw==",
      "hasInstallScript": true,
      "dependencies": {
        "@types/w3c-web-usb": "^1.0.6",
        "node-addon-api": "^6.0.0",
        "node-gyp-build": "^4.5.0"
      },
      "engines": {
        "node": ">=10.20.0 <11.x || >=12.17.0 <13.0 || >=14.0.0"
      }
    },
    "node_modules/utf-8-validate": {
      "version": "5.0.10",
      "resolved": "https://registry.npmjs.org/utf-8-validate/-/utf-8-validate-5.0.10.tgz",
      "integrity": "sha512-Z6czzLq4u8fPOyx7TU6X3dvUZVvoJmxSQ+IcrlmagKhilxlhZgxPK6C5Jqbkw1IDUmFTM+cz9QDnnLTwDz/2gQ==",
      "hasInstallScript": true,
      "dependencies": {
        "node-gyp-build": "^4.3.0"
      },
      "engines": {
        "node": ">=6.14.2"
      }
    },
    "node_modules/websocket": {
      "version": "1.0.34",
      "resolved": "https://registry.npmjs.org/websocket/-/websocket-1.0.34.tgz",
      "integrity": "sha512-PRDso2sGwF6kM75QykIesBijKSVceR6jL2G8NGYyq2XrItNC2P5/qL5XeR056GhA+Ly7JMFvJb9I312mJfmqnQ==",
      "dependencies": {
        "bufferutil": "^4.0.1",
        "debug": "^2.2.0",
        "es5-ext": "^0.10.50",
        "typedarray-to-buffer": "^3.1.5",
        "utf-8-validate": "^5.0.2",
        "yaeti": "^0.0.6"
      },
      "engines": {
        "node": ">=4.0.0"
      }
    },
    "node_modules/websocket/node_modules/debug": {
      "version": "2.6.9",
      "resolved": "https://registry.npmjs.org/debug/-/debug-2.6.9.tgz",
      "integrity": "sha512-bC7ElrdJaJnPbAP+1EotYvqZsb3ecl5wi6Bfi6BJTUcNowp6cvspg0jXznRTKDjm/E7AdgFBVeAPVMNcKGsHMA==",
      "dependencies": {
        "ms": "2.0.0"
      }
    },
    "node_modules/websocket/node_modules/ms": {
      "version": "2.0.0",
      "resolved": "https://registry.npmjs.org/ms/-/ms-2.0.0.tgz",
      "integrity": "sha512-Tpp60P6IUJDTuOq/5Z8cdskzJujfwqfOTkrwIwj7IRISpnkJnT6SyJ4PCPnGMoFjC9ddhal5KVIYtAt97ix05A=="
    },
    "node_modules/wrappy": {
      "version": "1.0.2",
      "resolved": "https://registry.npmjs.org/wrappy/-/wrappy-1.0.2.tgz",
      "integrity": "sha512-l4Sp/DRseor9wL6EvV2+TuQn63dMkPjZ/sp9XkghTEbV9KlPS1xUsZ3u7/IQO4wxtcFB4bgpQPRcR3QCvezPcQ=="
    },
    "node_modules/xml-flow": {
      "version": "1.0.4",
      "resolved": "https://registry.npmjs.org/xml-flow/-/xml-flow-1.0.4.tgz",
      "integrity": "sha512-r19LXKPL7vkVGL6oWHlESoBgwUVom5w/w8opuS53qULh8+K2w+K9K72edTIQa+X/Vxx1R7ugnCabHFSZ1Tv2zA==",
      "dependencies": {
        "sax": "^1.2.4"
      }
    },
    "node_modules/yaeti": {
      "version": "0.0.6",
      "resolved": "https://registry.npmjs.org/yaeti/-/yaeti-0.0.6.tgz",
      "integrity": "sha512-MvQa//+KcZCUkBTIC9blM+CU9J2GzuTytsOUwf2lidtvkx/6gnEp1QvJv34t9vdjhFmha/mUiNDbN0D0mJWdug==",
      "engines": {
        "node": ">=0.10.32"
      }
    }
  }
}
